# This file is autogenerated, do not edit; changes may be undone by the next 'dep ensure'.


[[projects]]
  digest = "1:2cd7915ab26ede7d95b8749e6b1f933f1c6d5398030684e6505940a10f31cfda"
  name = "github.com/ghodss/yaml"
  packages = ["."]
  pruneopts = "UT"
  revision = "0ca9ea5df5451ffdf184b4428c902747c2c11cd7"
  version = "v1.0.0"

[[projects]]
  branch = "master"
  digest = "1:92e016f529528df85f070480ec6beb9e40042d245a933fb1bdeb687e40ea8e88"
  name = "github.com/gogo/googleapis"
  packages = ["google/rpc"]
  pruneopts = "UT"
  revision = "b23578765ee54ff6bceff57f397d833bf4ca6869"

[[projects]]
  digest = "1:3f7c586d2fd571c4f2e3d313c0638b33b999055de507d5f11fafe27e5adc30db"
  name = "github.com/gogo/protobuf"
  packages = [
    "gogoproto",
    "proto",
    "protoc-gen-gogo/descriptor",
    "sortkeys",
    "types",
  ]
  pruneopts = "UT"
  revision = "636bf0302bc95575d69441b25a2603156ffdddf1"
  version = "v1.1.1"

[[projects]]
  branch = "master"
  digest = "1:b45e29c0e58b9149aee1d75bd29a29ed7e275cee2f6caf569f99d717657644c5"
  name = "github.com/golang/protobuf"
  packages = [
    "proto",
    "ptypes",
    "ptypes/any",
    "ptypes/duration",
    "ptypes/timestamp",
  ]
  pruneopts = "UT"
  revision = "927b65914520a8b7d44f5c9057611cfec6b2e2d0"

[[projects]]
  branch = "master"
  digest = "1:07671f8997086ed115824d1974507d2b147d1e0463675ea5dbf3be89b1c2c563"
  name = "github.com/hashicorp/errwrap"
  packages = ["."]
  pruneopts = "UT"
  revision = "7554cd9344cec97297fa6649b055a8c98c2a1e55"

[[projects]]
  branch = "master"
  digest = "1:e5048c5da80697be2fcdecc944e29d2999e01fd7f48b643168443209779f3463"
  name = "github.com/hashicorp/go-multierror"
  packages = ["."]
  pruneopts = "UT"
  revision = "b7773ae218740a7be65057fc60b366a49b538a44"

[[projects]]
  digest = "1:870d441fe217b8e689d7949fef6e43efbc787e50f200cb1e70dbca9204a1d6be"
  name = "github.com/inconshreveable/mousetrap"
  packages = ["."]
  pruneopts = "UT"
  revision = "76626ae9c91c4f2a10f34cad8ce83ea42c93bb75"
  version = "v1.0"

[[projects]]
  digest = "1:c805e517269b0ba4c21ded5836019ed7d16953d4026cb7d00041d039c7906be9"
  name = "github.com/natefinch/lumberjack"
  packages = ["."]
  pruneopts = "UT"
  revision = "a96e63847dc3c67d17befa69c303767e2f84e54f"
  version = "v2.1"

[[projects]]
  digest = "1:645cabccbb4fa8aab25a956cbcbdf6a6845ca736b2c64e197ca7cbb9d210b939"
  name = "github.com/spf13/cobra"
  packages = ["."]
  pruneopts = "UT"
  revision = "ef82de70bb3f60c65fb8eebacbb2d122ef517385"
  version = "v0.0.3"

[[projects]]
  digest = "1:c1b1102241e7f645bc8e0c22ae352e8f0dc6484b6cb4d132fa9f24174e0119e2"
  name = "github.com/spf13/pflag"
  packages = ["."]
  pruneopts = "UT"
  revision = "298182f68c66c05229eb03ac171abe6e309ee79a"
  version = "v1.0.3"

[[projects]]
  digest = "1:3c1a69cdae3501bf75e76d0d86dc6f2b0a7421bc205c0cb7b96b19eed464a34d"
  name = "go.uber.org/atomic"
  packages = ["."]
  pruneopts = "UT"
  revision = "1ea20fb1cbb1cc08cbd0d913a96dead89aa18289"
  version = "v1.3.2"

[[projects]]
  digest = "1:60bf2a5e347af463c42ed31a493d817f8a72f102543060ed992754e689805d1a"
  name = "go.uber.org/multierr"
  packages = ["."]
  pruneopts = "UT"
  revision = "3c4937480c32f4c13a875a1829af76c98ca3d40a"
  version = "v1.1.0"

[[projects]]
  digest = "1:1a48a306f348a6454fbe88c77c25430de7c3427c4081735d3223aa97c302c24f"
  name = "go.uber.org/zap"
  packages = [
    ".",
    "buffer",
    "internal/bufferpool",
    "internal/color",
    "internal/exit",
    "zapcore",
    "zapgrpc",
  ]
  pruneopts = "UT"
  revision = "ff33455a0e382e8a81d14dd7c922020b6b5e7982"
  version = "v1.9.1"

[[projects]]
  branch = "master"
  digest = "1:49131f79ef90ca701638024267ba6e3b5cd0ce387e0b3ec79961a42430873db9"
  name = "golang.org/x/net"
  packages = [
    "context",
    "http/httpguts",
    "http2",
    "http2/hpack",
    "idna",
    "internal/timeseries",
    "trace",
  ]
  pruneopts = "UT"
  revision = "2491c5de3490fced2f6cff376127c667efeed857"

[[projects]]
  branch = "master"
  digest = "1:e18c1645adfe83d66f80d3676040e478895669f9456ca8bafa6a7290656c1b48"
  name = "golang.org/x/sys"
  packages = ["unix"]
  pruneopts = "UT"
  revision = "81d4e9dc473e5e8c933f2aaeba2a3d81efb9aed2"

[[projects]]
  branch = "master"
  digest = "1:48a65666e8f196369b8428f77eb405b507ca40aab043cfcbc1fb36ad122b748d"
  name = "golang.org/x/text"
  packages = [
    "collate",
    "collate/build",
    "internal/colltab",
    "internal/gen",
    "internal/language",
    "internal/language/compact",
    "internal/tag",
    "internal/triegen",
    "internal/ucd",
    "language",
    "secure/bidirule",
    "transform",
    "unicode/bidi",
    "unicode/cldr",
    "unicode/norm",
    "unicode/rangetable",
  ]
  pruneopts = "UT"
  revision = "5c1cf69b5978e5a34c5f9ba09a83e56acc4b7877"

[[projects]]
  branch = "master"
  digest = "1:087c891cef8df8d3e6cf3547ccb1e1cac22155ec4e9a4bd8f0f3698ac18a3b84"
  name = "google.golang.org/genproto"
  packages = [
    "googleapis/api/label",
    "googleapis/api/metric",
    "googleapis/rpc/status",
  ]
  pruneopts = "UT"
  revision = "7bb2a897381c9c5ab2aeb8614f758d7766af68ff"

[[projects]]
  digest = "1:c00eb80d7b152379c3e94c38d82b29deca98b1d0f53e4e20362589b7fcbffa07"
  name = "google.golang.org/grpc"
  packages = [
    ".",
    "balancer",
    "balancer/base",
    "balancer/roundrobin",
    "binarylog/grpc_binarylog_v1",
    "codes",
    "connectivity",
    "credentials",
    "credentials/internal",
    "encoding",
    "encoding/proto",
    "grpclog",
    "internal",
    "internal/backoff",
    "internal/binarylog",
    "internal/channelz",
    "internal/envconfig",
    "internal/grpcrand",
    "internal/grpcsync",
    "internal/syscall",
    "internal/transport",
    "keepalive",
    "metadata",
    "naming",
    "peer",
    "resolver",
    "resolver/dns",
    "resolver/passthrough",
    "stats",
    "status",
    "tap",
  ]
  pruneopts = "UT"
  revision = "3507fb8e1a5ad030303c106fef3a47c9fdad16ad"
  version = "v1.19.1"

[[projects]]
  digest = "1:342378ac4dcb378a5448dd723f0784ae519383532f5e70ade24132c4c8693202"
  name = "gopkg.in/yaml.v2"
  packages = ["."]
  pruneopts = "UT"
  revision = "5420a8b6744d3b0345ab293f6fcba19c978f1183"
  version = "v2.2.1"

[[projects]]
  branch = "release-1.1"
  digest = "1:ea9cf1147fefb084e46998cb93797a4bdddda647135a7ee0045541b3a4dda259"
  name = "istio.io/api"
  packages = [
    "authentication/v1alpha1",
    "mesh/v1alpha1",
    "mixer/adapter/model/v1beta1",
    "mixer/v1",
    "networking/v1alpha3",
    "policy/v1beta1",
    "rbac/v1alpha1",
  ]
  pruneopts = "UT"
  revision = "8b08748fc2b90fb5afc45bc15cc0584026884097"

[[projects]]
  digest = "1:b1edf2c08cdfba461a7a01d42468457c1d999ce4f47a1d14e49668cde1ac964c"
  name = "istio.io/istio"
  packages = [
    "mixer/adapter/bypass/config",
    "mixer/adapter/circonus/config",
    "mixer/adapter/cloudwatch/config",
    "mixer/adapter/denier/config",
    "mixer/adapter/dogstatsd/config",
    "mixer/adapter/fluentd/config",
    "mixer/adapter/kubernetesenv/config",
    "mixer/adapter/list/config",
    "mixer/adapter/memquota/config",
    "mixer/adapter/opa/config",
    "mixer/adapter/prometheus/config",
    "mixer/adapter/rbac/config",
    "mixer/adapter/redisquota/config",
    "mixer/adapter/signalfx/config",
    "mixer/adapter/solarwinds/config",
    "mixer/adapter/stackdriver/config",
    "mixer/adapter/statsd/config",
    "mixer/adapter/stdio/config",
    "mixer/adapter/zipkin/config",
    "mixer/pkg/adapter",
    "mixer/pkg/attribute",
    "mixer/pkg/pool",
    "mixer/pkg/status",
    "mixer/template/apikey",
    "mixer/template/authorization",
    "mixer/template/checknothing",
    "mixer/template/edge",
    "mixer/template/listentry",
    "mixer/template/logentry",
    "mixer/template/metric",
    "mixer/template/quota",
    "mixer/template/reportnothing",
    "mixer/template/tracespan",
    "pkg/log",
  ]
  pruneopts = "UT"
  revision = "145b18a441045d6fad33d7916380d8642c7bf21d"
  version = "1.1.8"

[solve-meta]
  analyzer-name = "dep"
  analyzer-version = 1
  input-imports = [
    "github.com/ghodss/yaml",
    "istio.io/api/authentication/v1alpha1",
    "istio.io/api/mesh/v1alpha1",
    "istio.io/api/mixer/v1",
    "istio.io/api/networking/v1alpha3",
    "istio.io/api/policy/v1beta1",
    "istio.io/api/rbac/v1alpha1",
    "istio.io/istio/mixer/adapter/bypass/config",
    "istio.io/istio/mixer/adapter/circonus/config",
    "istio.io/istio/mixer/adapter/cloudwatch/config",
    "istio.io/istio/mixer/adapter/denier/config",
    "istio.io/istio/mixer/adapter/dogstatsd/config",
    "istio.io/istio/mixer/adapter/fluentd/config",
    "istio.io/istio/mixer/adapter/kubernetesenv/config",
    "istio.io/istio/mixer/adapter/list/config",
    "istio.io/istio/mixer/adapter/memquota/config",
    "istio.io/istio/mixer/adapter/opa/config",
    "istio.io/istio/mixer/adapter/prometheus/config",
    "istio.io/istio/mixer/adapter/rbac/config",
    "istio.io/istio/mixer/adapter/redisquota/config",
    "istio.io/istio/mixer/adapter/signalfx/config",
    "istio.io/istio/mixer/adapter/solarwinds/config",
    "istio.io/istio/mixer/adapter/stackdriver/config",
    "istio.io/istio/mixer/adapter/statsd/config",
    "istio.io/istio/mixer/adapter/stdio/config",
    "istio.io/istio/mixer/adapter/zipkin/config",
    "istio.io/istio/mixer/template/apikey",
    "istio.io/istio/mixer/template/authorization",
    "istio.io/istio/mixer/template/checknothing",
    "istio.io/istio/mixer/template/edge",
    "istio.io/istio/mixer/template/listentry",
    "istio.io/istio/mixer/template/logentry",
    "istio.io/istio/mixer/template/metric",
    "istio.io/istio/mixer/template/quota",
    "istio.io/istio/mixer/template/reportnothing",
    "istio.io/istio/mixer/template/tracespan",
  ]
  solver-name = "gps-cdcl"
  solver-version = 1
