# This file is autogenerated, do not edit; changes may be undone by the next 'dep ensure'.


[[projects]]
  branch = "master"
  name = "github.com/gogo/googleapis"
  packages = ["google/rpc"]
  revision = "b23578765ee54ff6bceff57f397d833bf4ca6869"

[[projects]]
  name = "github.com/gogo/protobuf"
  packages = [
    "gogoproto",
    "proto",
    "protoc-gen-gogo/descriptor",
    "sortkeys",
    "types"
  ]
  revision = "342cbe0a04158f6dcb03ca0079991a51a4248c02"
  version = "v0.5"

[[projects]]
  branch = "master"
  name = "github.com/golang/protobuf"
  packages = [
    "proto",
    "ptypes",
    "ptypes/any",
    "ptypes/duration",
    "ptypes/timestamp"
  ]
  revision = "927b65914520a8b7d44f5c9057611cfec6b2e2d0"

[[projects]]
  branch = "master"
  name = "github.com/hashicorp/errwrap"
  packages = ["."]
  revision = "7554cd9344cec97297fa6649b055a8c98c2a1e55"

[[projects]]
  branch = "master"
  name = "github.com/hashicorp/go-multierror"
  packages = ["."]
  revision = "b7773ae218740a7be65057fc60b366a49b538a44"

[[projects]]
  branch = "master"
  name = "golang.org/x/net"
  packages = [
    "context",
    "http/httpguts",
    "http2",
    "http2/hpack",
    "idna",
    "internal/timeseries",
    "trace"
  ]
  revision = "2491c5de3490fced2f6cff376127c667efeed857"

[[projects]]
  branch = "master"
  name = "golang.org/x/text"
  packages = [
    "collate",
    "collate/build",
    "internal/colltab",
    "internal/gen",
    "internal/language",
    "internal/language/compact",
    "internal/tag",
    "internal/triegen",
    "internal/ucd",
    "language",
    "secure/bidirule",
    "transform",
    "unicode/bidi",
    "unicode/cldr",
    "unicode/norm",
    "unicode/rangetable"
  ]
  revision = "5c1cf69b5978e5a34c5f9ba09a83e56acc4b7877"

[[projects]]
  branch = "master"
  name = "google.golang.org/genproto"
  packages = ["googleapis/rpc/status"]
  revision = "7bb2a897381c9c5ab2aeb8614f758d7766af68ff"

[[projects]]
  name = "google.golang.org/grpc"
  packages = [
    ".",
    "balancer",
    "balancer/base",
    "balancer/roundrobin",
    "channelz",
    "codes",
    "connectivity",
    "credentials",
    "encoding",
    "encoding/proto",
    "grpclb/grpc_lb_v1/messages",
    "grpclog",
    "internal",
    "keepalive",
    "metadata",
    "naming",
    "peer",
    "resolver",
    "resolver/dns",
    "resolver/passthrough",
    "stats",
    "status",
    "tap",
    "transport"
  ]
  revision = "41344da2231b913fa3d983840a57a6b1b7b631a1"
  version = "v1.12.0"

[[projects]]
  name = "istio.io/api"
  packages = [
    "mesh/v1alpha1",
    "mixer/adapter/model/v1beta1",
    "mixer/v1",
    "networking/v1alpha3",
    "policy/v1beta1",
    "rbac/v1alpha1"
  ]
  revision = "8d67e57e3612dae1a3423795bce93a372cfe4fa4"
  version = "0.8.0"

[[projects]]
  name = "istio.io/istio"
  packages = [
    "mixer/adapter/circonus/config",
    "mixer/adapter/denier/config",
    "mixer/adapter/dogstatsd/config",
    "mixer/adapter/fluentd/config",
    "mixer/adapter/kubernetesenv/config",
    "mixer/adapter/list/config",
    "mixer/adapter/opa/config",
    "mixer/adapter/prometheus/config",
    "mixer/adapter/solarwinds/config",
    "mixer/pkg/adapter",
    "mixer/pkg/pool",
    "mixer/pkg/status",
    "mixer/template/apikey",
    "mixer/template/authorization",
    "mixer/template/checknothing",
    "mixer/template/listentry",
    "mixer/template/logentry",
    "mixer/template/metric",
    "mixer/template/quota",
    "mixer/template/reportnothing",
    "mixer/template/tracespan"
  ]
  revision = "6f9f420f0c7119ff4fa6a1966a6f6d89b1b4db84"
  version = "0.8.0"

[solve-meta]
  analyzer-name = "dep"
  analyzer-version = 1
  inputs-digest = "4cc4371d0e6ac4a64107002fc2355b7ade487bd510d7535aba1c71f7fc8b54e2"
  solver-name = "gps-cdcl"
  solver-version = 1
